
Microsoft Visual Studio Solution File, Format Version 12.00
# Visual Studio 15
VisualStudioVersion = 15.0.27428.2015
MinimumVisualStudioVersion = 10.0.40219.1
Project("{9A19103F-16F7-4668-BE54-9A1E7A4F7556}") = "MyMVVMCross.Core", "MyMVVMCross.Core\MyMVVMCross.Core.csproj", "{B83D86D6-9E27-4781-9479-D68DFA8FEBE2}"
EndProject
Project("{FAE04EC0-301F-11D3-BF4B-00C04F79EFBC}") = "MyMVVMCross.Droid", "MyMVVMCross.Droid\MyMVVMCross.Droid.csproj", "{89327884-C2A5-48C8-AE5F-F8B8D12281AE}"
EndProject
Project("{FAE04EC0-301F-11D3-BF4B-00C04F79EFBC}") = "MyMVVMCross.iOS", "MyMVVMCross.iOS\MyMVVMCross.iOS.csproj", "{5DB40207-CED7-4553-B6D1-9BB8703253F0}"
EndProject
Global
	GlobalSection(SolutionConfigurationPlatforms) = preSolution
		Debug|Any CPU = Debug|Any CPU
		Debug|iPhone = Debug|iPhone
		Debug|iPhoneSimulator = Debug|iPhoneSimulator
		Release|Any CPU = Release|Any CPU
		Release|iPhone = Release|iPhone
		Release|iPhoneSimulator = Release|iPhoneSimulator
	EndGlobalSection
	GlobalSection(ProjectConfigurationPlatforms) = postSolution
		{B83D86D6-9E27-4781-9479-D68DFA8FEBE2}.Debug|Any CPU.ActiveCfg = Debug|Any CPU
		{B83D86D6-9E27-4781-9479-D68DFA8FEBE2}.Debug|Any CPU.Build.0 = Debug|Any CPU
		{B83D86D6-9E27-4781-9479-D68DFA8FEBE2}.Debug|iPhone.ActiveCfg = Debug|Any CPU
		{B83D86D6-9E27-4781-9479-D68DFA8FEBE2}.Debug|iPhone.Build.0 = Debug|Any CPU
		{B83D86D6-9E27-4781-9479-D68DFA8FEBE2}.Debug|iPhoneSimulator.ActiveCfg = Debug|Any CPU
		{B83D86D6-9E27-4781-9479-D68DFA8FEBE2}.Debug|iPhoneSimulator.Build.0 = Debug|Any CPU
		{B83D86D6-9E27-4781-9479-D68DFA8FEBE2}.Release|Any CPU.ActiveCfg = Release|Any CPU
		{B83D86D6-9E27-4781-9479-D68DFA8FEBE2}.Release|Any CPU.Build.0 = Release|Any CPU
		{B83D86D6-9E27-4781-9479-D68DFA8FEBE2}.Release|iPhone.ActiveCfg = Release|Any CPU
		{B83D86D6-9E27-4781-9479-D68DFA8FEBE2}.Release|iPhone.Build.0 = Release|Any CPU
		{B83D86D6-9E27-4781-9479-D68DFA8FEBE2}.Release|iPhoneSimulator.ActiveCfg = Release|Any CPU
		{B83D86D6-9E27-4781-9479-D68DFA8FEBE2}.Release|iPhoneSimulator.Build.0 = Release|Any CPU
		{89327884-C2A5-48C8-AE5F-F8B8D12281AE}.Debug|Any CPU.ActiveCfg = Debug|Any CPU
		{89327884-C2A5-48C8-AE5F-F8B8D12281AE}.Debug|Any CPU.Build.0 = Debug|Any CPU
		{89327884-C2A5-48C8-AE5F-F8B8D12281AE}.Debug|Any CPU.Deploy.0 = Debug|Any CPU
		{89327884-C2A5-48C8-AE5F-F8B8D12281AE}.Debug|iPhone.ActiveCfg = Debug|Any CPU
		{89327884-C2A5-48C8-AE5F-F8B8D12281AE}.Debug|iPhone.Build.0 = Debug|Any CPU
		{89327884-C2A5-48C8-AE5F-F8B8D12281AE}.Debug|iPhone.Deploy.0 = Debug|Any CPU
		{89327884-C2A5-48C8-AE5F-F8B8D12281AE}.Debug|iPhoneSimulator.ActiveCfg = Debug|Any CPU
		{89327884-C2A5-48C8-AE5F-F8B8D12281AE}.Debug|iPhoneSimulator.Build.0 = Debug|Any CPU
		{89327884-C2A5-48C8-AE5F-F8B8D12281AE}.Debug|iPhoneSimulator.Deploy.0 = Debug|Any CPU
		{89327884-C2A5-48C8-AE5F-F8B8D12281AE}.Release|Any CPU.ActiveCfg = Release|Any CPU
		{89327884-C2A5-48C8-AE5F-F8B8D12281AE}.Release|Any CPU.Build.0 = Release|Any CPU
		{89327884-C2A5-48C8-AE5F-F8B8D12281AE}.Release|Any CPU.Deploy.0 = Release|Any CPU
		{89327884-C2A5-48C8-AE5F-F8B8D12281AE}.Release|iPhone.ActiveCfg = Release|Any CPU
		{89327884-C2A5-48C8-AE5F-F8B8D12281AE}.Release|iPhone.Build.0 = Release|Any CPU
		{89327884-C2A5-48C8-AE5F-F8B8D12281AE}.Release|iPhone.Deploy.0 = Release|Any CPU
		{89327884-C2A5-48C8-AE5F-F8B8D12281AE}.Release|iPhoneSimulator.ActiveCfg = Release|Any CPU
		{89327884-C2A5-48C8-AE5F-F8B8D12281AE}.Release|iPhoneSimulator.Build.0 = Release|Any CPU
		{89327884-C2A5-48C8-AE5F-F8B8D12281AE}.Release|iPhoneSimulator.Deploy.0 = Release|Any CPU
		{5DB40207-CED7-4553-B6D1-9BB8703253F0}.Debug|Any CPU.ActiveCfg = Debug|iPhone
		{5DB40207-CED7-4553-B6D1-9BB8703253F0}.Debug|iPhone.ActiveCfg = Debug|iPhone
		{5DB40207-CED7-4553-B6D1-9BB8703253F0}.Debug|iPhone.Build.0 = Debug|iPhone
		{5DB40207-CED7-4553-B6D1-9BB8703253F0}.Debug|iPhoneSimulator.ActiveCfg = Debug|iPhoneSimulator
		{5DB40207-CED7-4553-B6D1-9BB8703253F0}.Debug|iPhoneSimulator.Build.0 = Debug|iPhoneSimulator
		{5DB40207-CED7-4553-B6D1-9BB8703253F0}.Release|Any CPU.ActiveCfg = Release|iPhone
		{5DB40207-CED7-4553-B6D1-9BB8703253F0}.Release|iPhone.ActiveCfg = Release|iPhone
		{5DB40207-CED7-4553-B6D1-9BB8703253F0}.Release|iPhone.Build.0 = Release|iPhone
		{5DB40207-CED7-4553-B6D1-9BB8703253F0}.Release|iPhoneSimulator.ActiveCfg = Release|iPhoneSimulator
		{5DB40207-CED7-4553-B6D1-9BB8703253F0}.Release|iPhoneSimulator.Build.0 = Release|iPhoneSimulator
	EndGlobalSection
	GlobalSection(SolutionProperties) = preSolution
		HideSolutionNode = FALSE
	EndGlobalSection
	GlobalSection(ExtensibilityGlobals) = postSolution
		SolutionGuid = {B646D28C-4015-4C26-B070-326158D342C8}
	EndGlobalSection
EndGlobal
