
Microsoft Visual Studio Solution File, Format Version 12.00
# Visual Studio 15
VisualStudioVersion = 15.0.28307.271
MinimumVisualStudioVersion = 10.0.40219.1
Project("{FAE04EC0-301F-11D3-BF4B-00C04F79EFBC}") = "MyMVVMCross.Core", "MyMVVMCross.Core\MyMVVMCross.Core.csproj", "{A174234C-9E13-457D-B3FE-F453AADB4B49}"
EndProject
Project("{FAE04EC0-301F-11D3-BF4B-00C04F79EFBC}") = "MyMVVMCross.Forms", "MyMVVMCross.Forms\MyMVVMCross.Forms.csproj", "{F9DA450E-D1AF-4E55-8CFB-AFFAE2DD8491}"
EndProject
Project("{FAE04EC0-301F-11D3-BF4B-00C04F79EFBC}") = "MyMVVMCross.Forms.Droid", "MyMVVMCross.Forms.Droid\MyMVVMCross.Forms.Droid.csproj", "{59B63DA0-01BE-4E0C-873D-1175D80CBD00}"
EndProject
Global
	GlobalSection(SolutionConfigurationPlatforms) = preSolution
		Debug|Any CPU = Debug|Any CPU
		Release|Any CPU = Release|Any CPU
	EndGlobalSection
	GlobalSection(ProjectConfigurationPlatforms) = postSolution
		{A174234C-9E13-457D-B3FE-F453AADB4B49}.Debug|Any CPU.ActiveCfg = Debug|Any CPU
		{A174234C-9E13-457D-B3FE-F453AADB4B49}.Debug|Any CPU.Build.0 = Debug|Any CPU
		{A174234C-9E13-457D-B3FE-F453AADB4B49}.Release|Any CPU.ActiveCfg = Release|Any CPU
		{A174234C-9E13-457D-B3FE-F453AADB4B49}.Release|Any CPU.Build.0 = Release|Any CPU
		{F9DA450E-D1AF-4E55-8CFB-AFFAE2DD8491}.Debug|Any CPU.ActiveCfg = Debug|Any CPU
		{F9DA450E-D1AF-4E55-8CFB-AFFAE2DD8491}.Debug|Any CPU.Build.0 = Debug|Any CPU
		{F9DA450E-D1AF-4E55-8CFB-AFFAE2DD8491}.Release|Any CPU.ActiveCfg = Release|Any CPU
		{F9DA450E-D1AF-4E55-8CFB-AFFAE2DD8491}.Release|Any CPU.Build.0 = Release|Any CPU
		{59B63DA0-01BE-4E0C-873D-1175D80CBD00}.Debug|Any CPU.ActiveCfg = Debug|Any CPU
		{59B63DA0-01BE-4E0C-873D-1175D80CBD00}.Debug|Any CPU.Build.0 = Debug|Any CPU
		{59B63DA0-01BE-4E0C-873D-1175D80CBD00}.Debug|Any CPU.Deploy.0 = Debug|Any CPU
		{59B63DA0-01BE-4E0C-873D-1175D80CBD00}.Release|Any CPU.ActiveCfg = Release|Any CPU
		{59B63DA0-01BE-4E0C-873D-1175D80CBD00}.Release|Any CPU.Build.0 = Release|Any CPU
		{59B63DA0-01BE-4E0C-873D-1175D80CBD00}.Release|Any CPU.Deploy.0 = Release|Any CPU
	EndGlobalSection
	GlobalSection(SolutionProperties) = preSolution
		HideSolutionNode = FALSE
	EndGlobalSection
	GlobalSection(ExtensibilityGlobals) = postSolution
		SolutionGuid = {093FFA6E-9272-4F21-B26C-0FE43C2135AE}
	EndGlobalSection
EndGlobal
